
Microsoft Visual Studio Solution File, Format Version 12.00
# Visual Studio Version 17
VisualStudioVersion = 17.8.34525.116
MinimumVisualStudioVersion = 10.0.40219.1
Project("{9A19103F-16F7-4668-BE54-9A1E7A4F7556}") = "GetnMethods", "GetnMethods.csproj", "{303D2CB8-6C1A-42F3-8A5D-B8E82B555348}"
EndProject
Global
	GlobalSection(SolutionConfigurationPlatforms) = preSolution
		Debug|Any CPU = Debug|Any CPU
		Release|Any CPU = Release|Any CPU
	EndGlobalSection
	GlobalSection(ProjectConfigurationPlatforms) = postSolution
		{303D2CB8-6C1A-42F3-8A5D-B8E82B555348}.Debug|Any CPU.ActiveCfg = Debug|Any CPU
		{303D2CB8-6C1A-42F3-8A5D-B8E82B555348}.Debug|Any CPU.Build.0 = Debug|Any CPU
		{303D2CB8-6C1A-42F3-8A5D-B8E82B555348}.Release|Any CPU.ActiveCfg = Release|Any CPU
		{303D2CB8-6C1A-42F3-8A5D-B8E82B555348}.Release|Any CPU.Build.0 = Release|Any CPU
	EndGlobalSection
	GlobalSection(SolutionProperties) = preSolution
		HideSolutionNode = FALSE
	EndGlobalSection
	GlobalSection(ExtensibilityGlobals) = postSolution
		SolutionGuid = {DA9E7FE6-1649-4045-B3C8-46221014399D}
	EndGlobalSection
EndGlobal
