
Microsoft Visual Studio Solution File, Format Version 12.00
# Visual Studio Version 17
VisualStudioVersion = 17.9.34607.119
MinimumVisualStudioVersion = 10.0.40219.1
Project("{9A19103F-16F7-4668-BE54-9A1E7A4F7556}") = "InsightBytes", "InsightBytes.csproj", "{D5BC5402-686E-452F-B54E-15E5BE94CABE}"
EndProject
Project("{9A19103F-16F7-4668-BE54-9A1E7A4F7556}") = "InsightBytes.Services", "..\InsightBytes.Services\InsightBytes.Services.csproj", "{827BC76C-43EC-423C-95D2-28FDFC28D759}"
EndProject
Global
	GlobalSection(SolutionConfigurationPlatforms) = preSolution
		Debug|Any CPU = Debug|Any CPU
		Release|Any CPU = Release|Any CPU
	EndGlobalSection
	GlobalSection(ProjectConfigurationPlatforms) = postSolution
		{D5BC5402-686E-452F-B54E-15E5BE94CABE}.Debug|Any CPU.ActiveCfg = Debug|Any CPU
		{D5BC5402-686E-452F-B54E-15E5BE94CABE}.Debug|Any CPU.Build.0 = Debug|Any CPU
		{D5BC5402-686E-452F-B54E-15E5BE94CABE}.Release|Any CPU.ActiveCfg = Release|Any CPU
		{D5BC5402-686E-452F-B54E-15E5BE94CABE}.Release|Any CPU.Build.0 = Release|Any CPU
		{827BC76C-43EC-423C-95D2-28FDFC28D759}.Debug|Any CPU.ActiveCfg = Debug|Any CPU
		{827BC76C-43EC-423C-95D2-28FDFC28D759}.Debug|Any CPU.Build.0 = Debug|Any CPU
		{827BC76C-43EC-423C-95D2-28FDFC28D759}.Release|Any CPU.ActiveCfg = Release|Any CPU
		{827BC76C-43EC-423C-95D2-28FDFC28D759}.Release|Any CPU.Build.0 = Release|Any CPU
	EndGlobalSection
	GlobalSection(SolutionProperties) = preSolution
		HideSolutionNode = FALSE
	EndGlobalSection
	GlobalSection(ExtensibilityGlobals) = postSolution
		SolutionGuid = {E5DB20E9-7F57-4241-80C6-B0B419935A29}
	EndGlobalSection
EndGlobal
